# This file is automatically @generated by Cargo.
# It is not intended for manual editing.
version = 4

[[package]]
name = "flambrew-cmdparse-rs"
version = "0.1.0"
dependencies = [
 "flambrew-json-rs",
]

[[package]]
name = "flambrew-json-rs"
version = "1.0.0"
source = "registry+https://github.com/rust-lang/crates.io-index"
checksum = "1b73655f00d94d17087210e4c601620066be6a5011b1cd71f74c6042b7ddd088"
